
Microsoft Visual Studio Solution File, Format Version 12.00
# Visual Studio 15
VisualStudioVersion = 15.0.28010.2048
MinimumVisualStudioVersion = 10.0.40219.1
Project("{FAE04EC0-301F-11D3-BF4B-00C04F79EFBC}") = "xamarin.game.Android", "xamarin.game.Android\xamarin.game.Android.csproj", "{77B058D6-1A54-4C95-BE76-F0B892F5ECDC}"
EndProject
Project("{FAE04EC0-301F-11D3-BF4B-00C04F79EFBC}") = "xamarin.game.iOS", "xamarin.game.iOS\xamarin.game.iOS.csproj", "{A902B8C6-C11D-4884-91CA-C20B536E51C2}"
EndProject
Project("{9A19103F-16F7-4668-BE54-9A1E7A4F7556}") = "xamarin.game", "xamarin.game\xamarin.game.csproj", "{DF2B59CC-7BBA-4E2F-A08B-D82D36140E6B}"
EndProject
Project("{FAE04EC0-301F-11D3-BF4B-00C04F79EFBC}") = "xamarin.game.tests", "xamarin.game.tests\xamarin.game.tests.csproj", "{76739570-7529-4118-9693-666D1E64B723}"
EndProject
Project("{F2A71F9B-5D33-465A-A702-920D77279786}") = "xamarin.game.backend", "xamarin.game.backend\xamarin.game.backend.fsproj", "{1A4EFD54-02B8-4E8D-B586-CAF279B4D12A}"
EndProject
Global
	GlobalSection(SolutionConfigurationPlatforms) = preSolution
		Ad-Hoc|Any CPU = Ad-Hoc|Any CPU
		Ad-Hoc|iPhone = Ad-Hoc|iPhone
		Ad-Hoc|iPhoneSimulator = Ad-Hoc|iPhoneSimulator
		AppStore|Any CPU = AppStore|Any CPU
		AppStore|iPhone = AppStore|iPhone
		AppStore|iPhoneSimulator = AppStore|iPhoneSimulator
		Debug|Any CPU = Debug|Any CPU
		Debug|iPhone = Debug|iPhone
		Debug|iPhoneSimulator = Debug|iPhoneSimulator
		Release|Any CPU = Release|Any CPU
		Release|iPhone = Release|iPhone
		Release|iPhoneSimulator = Release|iPhoneSimulator
	EndGlobalSection
	GlobalSection(ProjectConfigurationPlatforms) = postSolution
		{77B058D6-1A54-4C95-BE76-F0B892F5ECDC}.Ad-Hoc|Any CPU.ActiveCfg = Release|Any CPU
		{77B058D6-1A54-4C95-BE76-F0B892F5ECDC}.Ad-Hoc|Any CPU.Build.0 = Release|Any CPU
		{77B058D6-1A54-4C95-BE76-F0B892F5ECDC}.Ad-Hoc|Any CPU.Deploy.0 = Release|Any CPU
		{77B058D6-1A54-4C95-BE76-F0B892F5ECDC}.Ad-Hoc|iPhone.ActiveCfg = Release|Any CPU
		{77B058D6-1A54-4C95-BE76-F0B892F5ECDC}.Ad-Hoc|iPhone.Build.0 = Release|Any CPU
		{77B058D6-1A54-4C95-BE76-F0B892F5ECDC}.Ad-Hoc|iPhone.Deploy.0 = Release|Any CPU
		{77B058D6-1A54-4C95-BE76-F0B892F5ECDC}.Ad-Hoc|iPhoneSimulator.ActiveCfg = Release|Any CPU
		{77B058D6-1A54-4C95-BE76-F0B892F5ECDC}.Ad-Hoc|iPhoneSimulator.Build.0 = Release|Any CPU
		{77B058D6-1A54-4C95-BE76-F0B892F5ECDC}.Ad-Hoc|iPhoneSimulator.Deploy.0 = Release|Any CPU
		{77B058D6-1A54-4C95-BE76-F0B892F5ECDC}.AppStore|Any CPU.ActiveCfg = Release|Any CPU
		{77B058D6-1A54-4C95-BE76-F0B892F5ECDC}.AppStore|Any CPU.Build.0 = Release|Any CPU
		{77B058D6-1A54-4C95-BE76-F0B892F5ECDC}.AppStore|Any CPU.Deploy.0 = Release|Any CPU
		{77B058D6-1A54-4C95-BE76-F0B892F5ECDC}.AppStore|iPhone.ActiveCfg = Release|Any CPU
		{77B058D6-1A54-4C95-BE76-F0B892F5ECDC}.AppStore|iPhone.Build.0 = Release|Any CPU
		{77B058D6-1A54-4C95-BE76-F0B892F5ECDC}.AppStore|iPhone.Deploy.0 = Release|Any CPU
		{77B058D6-1A54-4C95-BE76-F0B892F5ECDC}.AppStore|iPhoneSimulator.ActiveCfg = Release|Any CPU
		{77B058D6-1A54-4C95-BE76-F0B892F5ECDC}.AppStore|iPhoneSimulator.Build.0 = Release|Any CPU
		{77B058D6-1A54-4C95-BE76-F0B892F5ECDC}.AppStore|iPhoneSimulator.Deploy.0 = Release|Any CPU
		{77B058D6-1A54-4C95-BE76-F0B892F5ECDC}.Debug|Any CPU.ActiveCfg = Debug|Any CPU
		{77B058D6-1A54-4C95-BE76-F0B892F5ECDC}.Debug|Any CPU.Build.0 = Debug|Any CPU
		{77B058D6-1A54-4C95-BE76-F0B892F5ECDC}.Debug|Any CPU.Deploy.0 = Debug|Any CPU
		{77B058D6-1A54-4C95-BE76-F0B892F5ECDC}.Debug|iPhone.ActiveCfg = Debug|Any CPU
		{77B058D6-1A54-4C95-BE76-F0B892F5ECDC}.Debug|iPhone.Build.0 = Debug|Any CPU
		{77B058D6-1A54-4C95-BE76-F0B892F5ECDC}.Debug|iPhone.Deploy.0 = Debug|Any CPU
		{77B058D6-1A54-4C95-BE76-F0B892F5ECDC}.Debug|iPhoneSimulator.ActiveCfg = Debug|Any CPU
		{77B058D6-1A54-4C95-BE76-F0B892F5ECDC}.Debug|iPhoneSimulator.Build.0 = Debug|Any CPU
		{77B058D6-1A54-4C95-BE76-F0B892F5ECDC}.Debug|iPhoneSimulator.Deploy.0 = Debug|Any CPU
		{77B058D6-1A54-4C95-BE76-F0B892F5ECDC}.Release|Any CPU.ActiveCfg = Release|Any CPU
		{77B058D6-1A54-4C95-BE76-F0B892F5ECDC}.Release|Any CPU.Build.0 = Release|Any CPU
		{77B058D6-1A54-4C95-BE76-F0B892F5ECDC}.Release|Any CPU.Deploy.0 = Release|Any CPU
		{77B058D6-1A54-4C95-BE76-F0B892F5ECDC}.Release|iPhone.ActiveCfg = Release|Any CPU
		{77B058D6-1A54-4C95-BE76-F0B892F5ECDC}.Release|iPhone.Build.0 = Release|Any CPU
		{77B058D6-1A54-4C95-BE76-F0B892F5ECDC}.Release|iPhone.Deploy.0 = Release|Any CPU
		{77B058D6-1A54-4C95-BE76-F0B892F5ECDC}.Release|iPhoneSimulator.ActiveCfg = Release|Any CPU
		{77B058D6-1A54-4C95-BE76-F0B892F5ECDC}.Release|iPhoneSimulator.Build.0 = Release|Any CPU
		{77B058D6-1A54-4C95-BE76-F0B892F5ECDC}.Release|iPhoneSimulator.Deploy.0 = Release|Any CPU
		{A902B8C6-C11D-4884-91CA-C20B536E51C2}.Ad-Hoc|Any CPU.ActiveCfg = Ad-Hoc|iPhone
		{A902B8C6-C11D-4884-91CA-C20B536E51C2}.Ad-Hoc|Any CPU.Build.0 = Ad-Hoc|iPhone
		{A902B8C6-C11D-4884-91CA-C20B536E51C2}.Ad-Hoc|Any CPU.Deploy.0 = Ad-Hoc|iPhone
		{A902B8C6-C11D-4884-91CA-C20B536E51C2}.Ad-Hoc|iPhone.ActiveCfg = Ad-Hoc|iPhone
		{A902B8C6-C11D-4884-91CA-C20B536E51C2}.Ad-Hoc|iPhone.Build.0 = Ad-Hoc|iPhone
		{A902B8C6-C11D-4884-91CA-C20B536E51C2}.Ad-Hoc|iPhone.Deploy.0 = Ad-Hoc|iPhone
		{A902B8C6-C11D-4884-91CA-C20B536E51C2}.Ad-Hoc|iPhoneSimulator.ActiveCfg = Ad-Hoc|iPhoneSimulator
		{A902B8C6-C11D-4884-91CA-C20B536E51C2}.Ad-Hoc|iPhoneSimulator.Build.0 = Ad-Hoc|iPhoneSimulator
		{A902B8C6-C11D-4884-91CA-C20B536E51C2}.Ad-Hoc|iPhoneSimulator.Deploy.0 = Ad-Hoc|iPhoneSimulator
		{A902B8C6-C11D-4884-91CA-C20B536E51C2}.AppStore|Any CPU.ActiveCfg = AppStore|iPhone
		{A902B8C6-C11D-4884-91CA-C20B536E51C2}.AppStore|Any CPU.Build.0 = AppStore|iPhone
		{A902B8C6-C11D-4884-91CA-C20B536E51C2}.AppStore|Any CPU.Deploy.0 = AppStore|iPhone
		{A902B8C6-C11D-4884-91CA-C20B536E51C2}.AppStore|iPhone.ActiveCfg = AppStore|iPhone
		{A902B8C6-C11D-4884-91CA-C20B536E51C2}.AppStore|iPhone.Build.0 = AppStore|iPhone
		{A902B8C6-C11D-4884-91CA-C20B536E51C2}.AppStore|iPhone.Deploy.0 = AppStore|iPhone
		{A902B8C6-C11D-4884-91CA-C20B536E51C2}.AppStore|iPhoneSimulator.ActiveCfg = AppStore|iPhoneSimulator
		{A902B8C6-C11D-4884-91CA-C20B536E51C2}.AppStore|iPhoneSimulator.Build.0 = AppStore|iPhoneSimulator
		{A902B8C6-C11D-4884-91CA-C20B536E51C2}.AppStore|iPhoneSimulator.Deploy.0 = AppStore|iPhoneSimulator
		{A902B8C6-C11D-4884-91CA-C20B536E51C2}.Debug|Any CPU.ActiveCfg = Debug|iPhoneSimulator
		{A902B8C6-C11D-4884-91CA-C20B536E51C2}.Debug|Any CPU.Build.0 = Debug|iPhoneSimulator
		{A902B8C6-C11D-4884-91CA-C20B536E51C2}.Debug|Any CPU.Deploy.0 = Debug|iPhoneSimulator
		{A902B8C6-C11D-4884-91CA-C20B536E51C2}.Debug|iPhone.ActiveCfg = Debug|iPhone
		{A902B8C6-C11D-4884-91CA-C20B536E51C2}.Debug|iPhone.Build.0 = Debug|iPhone
		{A902B8C6-C11D-4884-91CA-C20B536E51C2}.Debug|iPhone.Deploy.0 = Debug|iPhone
		{A902B8C6-C11D-4884-91CA-C20B536E51C2}.Debug|iPhoneSimulator.ActiveCfg = Debug|iPhoneSimulator
		{A902B8C6-C11D-4884-91CA-C20B536E51C2}.Debug|iPhoneSimulator.Build.0 = Debug|iPhoneSimulator
		{A902B8C6-C11D-4884-91CA-C20B536E51C2}.Debug|iPhoneSimulator.Deploy.0 = Debug|iPhoneSimulator
		{A902B8C6-C11D-4884-91CA-C20B536E51C2}.Release|Any CPU.ActiveCfg = Release|iPhone
		{A902B8C6-C11D-4884-91CA-C20B536E51C2}.Release|Any CPU.Build.0 = Release|iPhone
		{A902B8C6-C11D-4884-91CA-C20B536E51C2}.Release|Any CPU.Deploy.0 = Release|iPhone
		{A902B8C6-C11D-4884-91CA-C20B536E51C2}.Release|iPhone.ActiveCfg = Release|iPhone
		{A902B8C6-C11D-4884-91CA-C20B536E51C2}.Release|iPhone.Build.0 = Release|iPhone
		{A902B8C6-C11D-4884-91CA-C20B536E51C2}.Release|iPhone.Deploy.0 = Release|iPhone
		{A902B8C6-C11D-4884-91CA-C20B536E51C2}.Release|iPhoneSimulator.ActiveCfg = Release|iPhoneSimulator
		{A902B8C6-C11D-4884-91CA-C20B536E51C2}.Release|iPhoneSimulator.Build.0 = Release|iPhoneSimulator
		{A902B8C6-C11D-4884-91CA-C20B536E51C2}.Release|iPhoneSimulator.Deploy.0 = Release|iPhoneSimulator
		{DF2B59CC-7BBA-4E2F-A08B-D82D36140E6B}.Ad-Hoc|Any CPU.ActiveCfg = Debug|Any CPU
		{DF2B59CC-7BBA-4E2F-A08B-D82D36140E6B}.Ad-Hoc|Any CPU.Build.0 = Debug|Any CPU
		{DF2B59CC-7BBA-4E2F-A08B-D82D36140E6B}.Ad-Hoc|Any CPU.Deploy.0 = Debug|Any CPU
		{DF2B59CC-7BBA-4E2F-A08B-D82D36140E6B}.Ad-Hoc|iPhone.ActiveCfg = Debug|Any CPU
		{DF2B59CC-7BBA-4E2F-A08B-D82D36140E6B}.Ad-Hoc|iPhone.Build.0 = Debug|Any CPU
		{DF2B59CC-7BBA-4E2F-A08B-D82D36140E6B}.Ad-Hoc|iPhone.Deploy.0 = Debug|Any CPU
		{DF2B59CC-7BBA-4E2F-A08B-D82D36140E6B}.Ad-Hoc|iPhoneSimulator.ActiveCfg = Debug|Any CPU
		{DF2B59CC-7BBA-4E2F-A08B-D82D36140E6B}.Ad-Hoc|iPhoneSimulator.Build.0 = Debug|Any CPU
		{DF2B59CC-7BBA-4E2F-A08B-D82D36140E6B}.Ad-Hoc|iPhoneSimulator.Deploy.0 = Debug|Any CPU
		{DF2B59CC-7BBA-4E2F-A08B-D82D36140E6B}.AppStore|Any CPU.ActiveCfg = Debug|Any CPU
		{DF2B59CC-7BBA-4E2F-A08B-D82D36140E6B}.AppStore|Any CPU.Build.0 = Debug|Any CPU
		{DF2B59CC-7BBA-4E2F-A08B-D82D36140E6B}.AppStore|Any CPU.Deploy.0 = Debug|Any CPU
		{DF2B59CC-7BBA-4E2F-A08B-D82D36140E6B}.AppStore|iPhone.ActiveCfg = Debug|Any CPU
		{DF2B59CC-7BBA-4E2F-A08B-D82D36140E6B}.AppStore|iPhone.Build.0 = Debug|Any CPU
		{DF2B59CC-7BBA-4E2F-A08B-D82D36140E6B}.AppStore|iPhone.Deploy.0 = Debug|Any CPU
		{DF2B59CC-7BBA-4E2F-A08B-D82D36140E6B}.AppStore|iPhoneSimulator.ActiveCfg = Debug|Any CPU
		{DF2B59CC-7BBA-4E2F-A08B-D82D36140E6B}.AppStore|iPhoneSimulator.Build.0 = Debug|Any CPU
		{DF2B59CC-7BBA-4E2F-A08B-D82D36140E6B}.AppStore|iPhoneSimulator.Deploy.0 = Debug|Any CPU
		{DF2B59CC-7BBA-4E2F-A08B-D82D36140E6B}.Debug|Any CPU.ActiveCfg = Debug|Any CPU
		{DF2B59CC-7BBA-4E2F-A08B-D82D36140E6B}.Debug|Any CPU.Build.0 = Debug|Any CPU
		{DF2B59CC-7BBA-4E2F-A08B-D82D36140E6B}.Debug|Any CPU.Deploy.0 = Debug|Any CPU
		{DF2B59CC-7BBA-4E2F-A08B-D82D36140E6B}.Debug|iPhone.ActiveCfg = Debug|Any CPU
		{DF2B59CC-7BBA-4E2F-A08B-D82D36140E6B}.Debug|iPhone.Build.0 = Debug|Any CPU
		{DF2B59CC-7BBA-4E2F-A08B-D82D36140E6B}.Debug|iPhone.Deploy.0 = Debug|Any CPU
		{DF2B59CC-7BBA-4E2F-A08B-D82D36140E6B}.Debug|iPhoneSimulator.ActiveCfg = Debug|Any CPU
		{DF2B59CC-7BBA-4E2F-A08B-D82D36140E6B}.Debug|iPhoneSimulator.Build.0 = Debug|Any CPU
		{DF2B59CC-7BBA-4E2F-A08B-D82D36140E6B}.Debug|iPhoneSimulator.Deploy.0 = Debug|Any CPU
		{DF2B59CC-7BBA-4E2F-A08B-D82D36140E6B}.Release|Any CPU.ActiveCfg = Release|Any CPU
		{DF2B59CC-7BBA-4E2F-A08B-D82D36140E6B}.Release|Any CPU.Build.0 = Release|Any CPU
		{DF2B59CC-7BBA-4E2F-A08B-D82D36140E6B}.Release|Any CPU.Deploy.0 = Release|Any CPU
		{DF2B59CC-7BBA-4E2F-A08B-D82D36140E6B}.Release|iPhone.ActiveCfg = Release|Any CPU
		{DF2B59CC-7BBA-4E2F-A08B-D82D36140E6B}.Release|iPhone.Build.0 = Release|Any CPU
		{DF2B59CC-7BBA-4E2F-A08B-D82D36140E6B}.Release|iPhone.Deploy.0 = Release|Any CPU
		{DF2B59CC-7BBA-4E2F-A08B-D82D36140E6B}.Release|iPhoneSimulator.ActiveCfg = Release|Any CPU
		{DF2B59CC-7BBA-4E2F-A08B-D82D36140E6B}.Release|iPhoneSimulator.Build.0 = Release|Any CPU
		{DF2B59CC-7BBA-4E2F-A08B-D82D36140E6B}.Release|iPhoneSimulator.Deploy.0 = Release|Any CPU
		{76739570-7529-4118-9693-666D1E64B723}.Ad-Hoc|Any CPU.ActiveCfg = Release|Any CPU
		{76739570-7529-4118-9693-666D1E64B723}.Ad-Hoc|Any CPU.Build.0 = Release|Any CPU
		{76739570-7529-4118-9693-666D1E64B723}.Ad-Hoc|iPhone.ActiveCfg = Release|Any CPU
		{76739570-7529-4118-9693-666D1E64B723}.Ad-Hoc|iPhone.Build.0 = Release|Any CPU
		{76739570-7529-4118-9693-666D1E64B723}.Ad-Hoc|iPhoneSimulator.ActiveCfg = Release|Any CPU
		{76739570-7529-4118-9693-666D1E64B723}.Ad-Hoc|iPhoneSimulator.Build.0 = Release|Any CPU
		{76739570-7529-4118-9693-666D1E64B723}.AppStore|Any CPU.ActiveCfg = Release|Any CPU
		{76739570-7529-4118-9693-666D1E64B723}.AppStore|Any CPU.Build.0 = Release|Any CPU
		{76739570-7529-4118-9693-666D1E64B723}.AppStore|iPhone.ActiveCfg = Release|Any CPU
		{76739570-7529-4118-9693-666D1E64B723}.AppStore|iPhone.Build.0 = Release|Any CPU
		{76739570-7529-4118-9693-666D1E64B723}.AppStore|iPhoneSimulator.ActiveCfg = Release|Any CPU
		{76739570-7529-4118-9693-666D1E64B723}.AppStore|iPhoneSimulator.Build.0 = Release|Any CPU
		{76739570-7529-4118-9693-666D1E64B723}.Debug|Any CPU.ActiveCfg = Debug|Any CPU
		{76739570-7529-4118-9693-666D1E64B723}.Debug|Any CPU.Build.0 = Debug|Any CPU
		{76739570-7529-4118-9693-666D1E64B723}.Debug|iPhone.ActiveCfg = Debug|Any CPU
		{76739570-7529-4118-9693-666D1E64B723}.Debug|iPhone.Build.0 = Debug|Any CPU
		{76739570-7529-4118-9693-666D1E64B723}.Debug|iPhoneSimulator.ActiveCfg = Debug|Any CPU
		{76739570-7529-4118-9693-666D1E64B723}.Debug|iPhoneSimulator.Build.0 = Debug|Any CPU
		{76739570-7529-4118-9693-666D1E64B723}.Release|Any CPU.ActiveCfg = Release|Any CPU
		{76739570-7529-4118-9693-666D1E64B723}.Release|Any CPU.Build.0 = Release|Any CPU
		{76739570-7529-4118-9693-666D1E64B723}.Release|iPhone.ActiveCfg = Release|Any CPU
		{76739570-7529-4118-9693-666D1E64B723}.Release|iPhone.Build.0 = Release|Any CPU
		{76739570-7529-4118-9693-666D1E64B723}.Release|iPhoneSimulator.ActiveCfg = Release|Any CPU
		{76739570-7529-4118-9693-666D1E64B723}.Release|iPhoneSimulator.Build.0 = Release|Any CPU
		{1A4EFD54-02B8-4E8D-B586-CAF279B4D12A}.Ad-Hoc|Any CPU.ActiveCfg = Debug|Any CPU
		{1A4EFD54-02B8-4E8D-B586-CAF279B4D12A}.Ad-Hoc|Any CPU.Build.0 = Debug|Any CPU
		{1A4EFD54-02B8-4E8D-B586-CAF279B4D12A}.Ad-Hoc|iPhone.ActiveCfg = Debug|Any CPU
		{1A4EFD54-02B8-4E8D-B586-CAF279B4D12A}.Ad-Hoc|iPhone.Build.0 = Debug|Any CPU
		{1A4EFD54-02B8-4E8D-B586-CAF279B4D12A}.Ad-Hoc|iPhoneSimulator.ActiveCfg = Debug|Any CPU
		{1A4EFD54-02B8-4E8D-B586-CAF279B4D12A}.Ad-Hoc|iPhoneSimulator.Build.0 = Debug|Any CPU
		{1A4EFD54-02B8-4E8D-B586-CAF279B4D12A}.AppStore|Any CPU.ActiveCfg = Debug|Any CPU
		{1A4EFD54-02B8-4E8D-B586-CAF279B4D12A}.AppStore|Any CPU.Build.0 = Debug|Any CPU
		{1A4EFD54-02B8-4E8D-B586-CAF279B4D12A}.AppStore|iPhone.ActiveCfg = Debug|Any CPU
		{1A4EFD54-02B8-4E8D-B586-CAF279B4D12A}.AppStore|iPhone.Build.0 = Debug|Any CPU
		{1A4EFD54-02B8-4E8D-B586-CAF279B4D12A}.AppStore|iPhoneSimulator.ActiveCfg = Debug|Any CPU
		{1A4EFD54-02B8-4E8D-B586-CAF279B4D12A}.AppStore|iPhoneSimulator.Build.0 = Debug|Any CPU
		{1A4EFD54-02B8-4E8D-B586-CAF279B4D12A}.Debug|Any CPU.ActiveCfg = Debug|Any CPU
		{1A4EFD54-02B8-4E8D-B586-CAF279B4D12A}.Debug|Any CPU.Build.0 = Debug|Any CPU
		{1A4EFD54-02B8-4E8D-B586-CAF279B4D12A}.Debug|iPhone.ActiveCfg = Debug|Any CPU
		{1A4EFD54-02B8-4E8D-B586-CAF279B4D12A}.Debug|iPhone.Build.0 = Debug|Any CPU
		{1A4EFD54-02B8-4E8D-B586-CAF279B4D12A}.Debug|iPhoneSimulator.ActiveCfg = Debug|Any CPU
		{1A4EFD54-02B8-4E8D-B586-CAF279B4D12A}.Debug|iPhoneSimulator.Build.0 = Debug|Any CPU
		{1A4EFD54-02B8-4E8D-B586-CAF279B4D12A}.Release|Any CPU.ActiveCfg = Release|Any CPU
		{1A4EFD54-02B8-4E8D-B586-CAF279B4D12A}.Release|Any CPU.Build.0 = Release|Any CPU
		{1A4EFD54-02B8-4E8D-B586-CAF279B4D12A}.Release|iPhone.ActiveCfg = Release|Any CPU
		{1A4EFD54-02B8-4E8D-B586-CAF279B4D12A}.Release|iPhone.Build.0 = Release|Any CPU
		{1A4EFD54-02B8-4E8D-B586-CAF279B4D12A}.Release|iPhoneSimulator.ActiveCfg = Release|Any CPU
		{1A4EFD54-02B8-4E8D-B586-CAF279B4D12A}.Release|iPhoneSimulator.Build.0 = Release|Any CPU
	EndGlobalSection
	GlobalSection(SolutionProperties) = preSolution
		HideSolutionNode = FALSE
	EndGlobalSection
	GlobalSection(ExtensibilityGlobals) = postSolution
		SolutionGuid = {94967F5D-8006-4ABD-9582-302D758C204A}
	EndGlobalSection
EndGlobal
